
Microsoft Visual Studio Solution File, Format Version 12.00
# Visual Studio 14
VisualStudioVersion = 14.0.25420.1
MinimumVisualStudioVersion = 10.0.40219.1
Project("{FAE04EC0-301F-11D3-BF4B-00C04F79EFBC}") = "ServerApplication", "Server\ServerApplication.csproj", "{0DB09B05-B528-488F-9D05-867B8E1BEF73}"
EndProject
Project("{FAE04EC0-301F-11D3-BF4B-00C04F79EFBC}") = "ServerProtocol", "ServerProtocol\ServerProtocol.csproj", "{2307ED25-30C6-442C-8B60-2B7C2A68C2A3}"
EndProject
Project("{FAE04EC0-301F-11D3-BF4B-00C04F79EFBC}") = "ClientApplication", "Client\ClientApplication.csproj", "{0DBC4379-50A3-4975-B9F6-2610ED352FC8}"
EndProject
Global
	GlobalSection(SolutionConfigurationPlatforms) = preSolution
		Debug|Any CPU = Debug|Any CPU
		Release|Any CPU = Release|Any CPU
	EndGlobalSection
	GlobalSection(ProjectConfigurationPlatforms) = postSolution
		{0DB09B05-B528-488F-9D05-867B8E1BEF73}.Debug|Any CPU.ActiveCfg = Debug|Any CPU
		{0DB09B05-B528-488F-9D05-867B8E1BEF73}.Debug|Any CPU.Build.0 = Debug|Any CPU
		{0DB09B05-B528-488F-9D05-867B8E1BEF73}.Release|Any CPU.ActiveCfg = Release|Any CPU
		{0DB09B05-B528-488F-9D05-867B8E1BEF73}.Release|Any CPU.Build.0 = Release|Any CPU
		{2307ED25-30C6-442C-8B60-2B7C2A68C2A3}.Debug|Any CPU.ActiveCfg = Debug|Any CPU
		{2307ED25-30C6-442C-8B60-2B7C2A68C2A3}.Debug|Any CPU.Build.0 = Debug|Any CPU
		{2307ED25-30C6-442C-8B60-2B7C2A68C2A3}.Release|Any CPU.ActiveCfg = Release|Any CPU
		{2307ED25-30C6-442C-8B60-2B7C2A68C2A3}.Release|Any CPU.Build.0 = Release|Any CPU
		{0DBC4379-50A3-4975-B9F6-2610ED352FC8}.Debug|Any CPU.ActiveCfg = Debug|Any CPU
		{0DBC4379-50A3-4975-B9F6-2610ED352FC8}.Debug|Any CPU.Build.0 = Debug|Any CPU
		{0DBC4379-50A3-4975-B9F6-2610ED352FC8}.Release|Any CPU.ActiveCfg = Release|Any CPU
		{0DBC4379-50A3-4975-B9F6-2610ED352FC8}.Release|Any CPU.Build.0 = Release|Any CPU
	EndGlobalSection
	GlobalSection(SolutionProperties) = preSolution
		HideSolutionNode = FALSE
	EndGlobalSection
EndGlobal
